// !$*UTF8*$!
{
	archiveVersion = 1;
	classes = {
	};
	objectVersion = 51;
	objects = {

/* Begin PBXBuildFile section */
		C3E170872716016000FDA629 /* AppDelegate.swift in Sources */ = {isa = PBXBuildFile; fileRef = C3E170862716016000FDA629 /* AppDelegate.swift */; };
		C3E1708B2716016000FDA629 /* HomeVC.swift in Sources */ = {isa = PBXBuildFile; fileRef = C3E1708A2716016000FDA629 /* HomeVC.swift */; };
		C3E170902716016200FDA629 /* Assets.xcassets in Resources */ = {isa = PBXBuildFile; fileRef = C3E1708F2716016200FDA629 /* Assets.xcassets */; };
		C3E170932716016200FDA629 /* LaunchScreen.storyboard in Resources */ = {isa = PBXBuildFile; fileRef = C3E170912716016200FDA629 /* LaunchScreen.storyboard */; };
		C3E1709E2716016300FDA629 /* SeriesProjectTests.swift in Sources */ = {isa = PBXBuildFile; fileRef = C3E1709D2716016300FDA629 /* SeriesProjectTests.swift */; };
		C3E170A92716016300FDA629 /* SeriesProjectUITests.swift in Sources */ = {isa = PBXBuildFile; fileRef = C3E170A82716016300FDA629 /* SeriesProjectUITests.swift */; };
		C3E170B72716029700FDA629 /* HomeVC.xib in Resources */ = {isa = PBXBuildFile; fileRef = C3E170B62716029700FDA629 /* HomeVC.xib */; };
		C3E170BE2716033E00FDA629 /* HomeViewModel.swift in Sources */ = {isa = PBXBuildFile; fileRef = C3E170BD2716033E00FDA629 /* HomeViewModel.swift */; };
		C3E170C12716034A00FDA629 /* DetailVC.swift in Sources */ = {isa = PBXBuildFile; fileRef = C3E170BF2716034A00FDA629 /* DetailVC.swift */; };
		C3E170C22716034A00FDA629 /* DetailVC.xib in Resources */ = {isa = PBXBuildFile; fileRef = C3E170C02716034A00FDA629 /* DetailVC.xib */; };
		C3E170C42716035500FDA629 /* DetailViewModel.swift in Sources */ = {isa = PBXBuildFile; fileRef = C3E170C32716035500FDA629 /* DetailViewModel.swift */; };
		C3E170CB271603E300FDA629 /* SplashVC.swift in Sources */ = {isa = PBXBuildFile; fileRef = C3E170C9271603E300FDA629 /* SplashVC.swift */; };
		C3E170CC271603E300FDA629 /* SplashVC.xib in Resources */ = {isa = PBXBuildFile; fileRef = C3E170CA271603E300FDA629 /* SplashVC.xib */; };
		C3E170CE2716051D00FDA629 /* SeriesResponse.swift in Sources */ = {isa = PBXBuildFile; fileRef = C3E170CD2716051D00FDA629 /* SeriesResponse.swift */; };
		C5F17C5F00460C3F583A0B31 /* Pods_SeriesProject_SeriesProjectUITests.framework in Frameworks */ = {isa = PBXBuildFile; fileRef = 1C44F5D387376CD7CCEDCEE6 /* Pods_SeriesProject_SeriesProjectUITests.framework */; };
		C9FE4F6E2CA07226EAB165FA /* Pods_SeriesProject.framework in Frameworks */ = {isa = PBXBuildFile; fileRef = A7E82DD6AE72DF3698C7499C /* Pods_SeriesProject.framework */; };
		DDFC175756210F948345BBC3 /* Pods_SeriesProjectTests.framework in Frameworks */ = {isa = PBXBuildFile; fileRef = 7AE76BA573FB0F7C9F38206C /* Pods_SeriesProjectTests.framework */; };
/* End PBXBuildFile section */

/* Begin PBXContainerItemProxy section */
		C3E1709A2716016300FDA629 /* PBXContainerItemProxy */ = {
			isa = PBXContainerItemProxy;
			containerPortal = C3E1707B2716016000FDA629 /* Project object */;
			proxyType = 1;
			remoteGlobalIDString = C3E170822716016000FDA629;
			remoteInfo = SeriesProject;
		};
		C3E170A52716016300FDA629 /* PBXContainerItemProxy */ = {
			isa = PBXContainerItemProxy;
			containerPortal = C3E1707B2716016000FDA629 /* Project object */;
			proxyType = 1;
			remoteGlobalIDString = C3E170822716016000FDA629;
			remoteInfo = SeriesProject;
		};
/* End PBXContainerItemProxy section */

/* Begin PBXFileReference section */
		1C44F5D387376CD7CCEDCEE6 /* Pods_SeriesProject_SeriesProjectUITests.framework */ = {isa = PBXFileReference; explicitFileType = wrapper.framework; includeInIndex = 0; path = Pods_SeriesProject_SeriesProjectUITests.framework; sourceTree = BUILT_PRODUCTS_DIR; };
		580980A3B5B841ADE75F8386 /* Pods-SeriesProjectTests.debug.xcconfig */ = {isa = PBXFileReference; includeInIndex = 1; lastKnownFileType = text.xcconfig; name = "Pods-SeriesProjectTests.debug.xcconfig"; path = "Target Support Files/Pods-SeriesProjectTests/Pods-SeriesProjectTests.debug.xcconfig"; sourceTree = "<group>"; };
		64EFCFC2A2994D99593FE44E /* Pods-SeriesProjectTests.release.xcconfig */ = {isa = PBXFileReference; includeInIndex = 1; lastKnownFileType = text.xcconfig; name = "Pods-SeriesProjectTests.release.xcconfig"; path = "Target Support Files/Pods-SeriesProjectTests/Pods-SeriesProjectTests.release.xcconfig"; sourceTree = "<group>"; };
		7277A6824AC547F692962206 /* Pods-SeriesProject.release.xcconfig */ = {isa = PBXFileReference; includeInIndex = 1; lastKnownFileType = text.xcconfig; name = "Pods-SeriesProject.release.xcconfig"; path = "Target Support Files/Pods-SeriesProject/Pods-SeriesProject.release.xcconfig"; sourceTree = "<group>"; };
		7AE76BA573FB0F7C9F38206C /* Pods_SeriesProjectTests.framework */ = {isa = PBXFileReference; explicitFileType = wrapper.framework; includeInIndex = 0; path = Pods_SeriesProjectTests.framework; sourceTree = BUILT_PRODUCTS_DIR; };
		7E002840119966AE31FBAAF6 /* Pods-SeriesProject-SeriesProjectUITests.release.xcconfig */ = {isa = PBXFileReference; includeInIndex = 1; lastKnownFileType = text.xcconfig; name = "Pods-SeriesProject-SeriesProjectUITests.release.xcconfig"; path = "Target Support Files/Pods-SeriesProject-SeriesProjectUITests/Pods-SeriesProject-SeriesProjectUITests.release.xcconfig"; sourceTree = "<group>"; };
		A27581AD88E462173D24B3EA /* Pods-SeriesProject.debug.xcconfig */ = {isa = PBXFileReference; includeInIndex = 1; lastKnownFileType = text.xcconfig; name = "Pods-SeriesProject.debug.xcconfig"; path = "Target Support Files/Pods-SeriesProject/Pods-SeriesProject.debug.xcconfig"; sourceTree = "<group>"; };
		A7E82DD6AE72DF3698C7499C /* Pods_SeriesProject.framework */ = {isa = PBXFileReference; explicitFileType = wrapper.framework; includeInIndex = 0; path = Pods_SeriesProject.framework; sourceTree = BUILT_PRODUCTS_DIR; };
		AE0E1B33D633A100629B7652 /* Pods-SeriesProject-SeriesProjectUITests.debug.xcconfig */ = {isa = PBXFileReference; includeInIndex = 1; lastKnownFileType = text.xcconfig; name = "Pods-SeriesProject-SeriesProjectUITests.debug.xcconfig"; path = "Target Support Files/Pods-SeriesProject-SeriesProjectUITests/Pods-SeriesProject-SeriesProjectUITests.debug.xcconfig"; sourceTree = "<group>"; };
		C3E170832716016000FDA629 /* SeriesProject.app */ = {isa = PBXFileReference; explicitFileType = wrapper.application; includeInIndex = 0; path = SeriesProject.app; sourceTree = BUILT_PRODUCTS_DIR; };
		C3E170862716016000FDA629 /* AppDelegate.swift */ = {isa = PBXFileReference; lastKnownFileType = sourcecode.swift; path = AppDelegate.swift; sourceTree = "<group>"; };
		C3E1708A2716016000FDA629 /* HomeVC.swift */ = {isa = PBXFileReference; lastKnownFileType = sourcecode.swift; path = HomeVC.swift; sourceTree = "<group>"; };
		C3E1708F2716016200FDA629 /* Assets.xcassets */ = {isa = PBXFileReference; lastKnownFileType = folder.assetcatalog; path = Assets.xcassets; sourceTree = "<group>"; };
		C3E170922716016200FDA629 /* Base */ = {isa = PBXFileReference; lastKnownFileType = file.storyboard; name = Base; path = Base.lproj/LaunchScreen.storyboard; sourceTree = "<group>"; };
		C3E170942716016200FDA629 /* Info.plist */ = {isa = PBXFileReference; lastKnownFileType = text.plist.xml; path = Info.plist; sourceTree = "<group>"; };
		C3E170992716016300FDA629 /* SeriesProjectTests.xctest */ = {isa = PBXFileReference; explicitFileType = wrapper.cfbundle; includeInIndex = 0; path = SeriesProjectTests.xctest; sourceTree = BUILT_PRODUCTS_DIR; };
		C3E1709D2716016300FDA629 /* SeriesProjectTests.swift */ = {isa = PBXFileReference; lastKnownFileType = sourcecode.swift; path = SeriesProjectTests.swift; sourceTree = "<group>"; };
		C3E1709F2716016300FDA629 /* Info.plist */ = {isa = PBXFileReference; lastKnownFileType = text.plist.xml; path = Info.plist; sourceTree = "<group>"; };
		C3E170A42716016300FDA629 /* SeriesProjectUITests.xctest */ = {isa = PBXFileReference; explicitFileType = wrapper.cfbundle; includeInIndex = 0; path = SeriesProjectUITests.xctest; sourceTree = BUILT_PRODUCTS_DIR; };
		C3E170A82716016300FDA629 /* SeriesProjectUITests.swift */ = {isa = PBXFileReference; lastKnownFileType = sourcecode.swift; path = SeriesProjectUITests.swift; sourceTree = "<group>"; };
		C3E170AA2716016300FDA629 /* Info.plist */ = {isa = PBXFileReference; lastKnownFileType = text.plist.xml; path = Info.plist; sourceTree = "<group>"; };
		C3E170B62716029700FDA629 /* HomeVC.xib */ = {isa = PBXFileReference; lastKnownFileType = file.xib; path = HomeVC.xib; sourceTree = "<group>"; };
		C3E170BD2716033E00FDA629 /* HomeViewModel.swift */ = {isa = PBXFileReference; lastKnownFileType = sourcecode.swift; path = HomeViewModel.swift; sourceTree = "<group>"; };
		C3E170BF2716034A00FDA629 /* DetailVC.swift */ = {isa = PBXFileReference; lastKnownFileType = sourcecode.swift; path = DetailVC.swift; sourceTree = "<group>"; };
		C3E170C02716034A00FDA629 /* DetailVC.xib */ = {isa = PBXFileReference; lastKnownFileType = file.xib; path = DetailVC.xib; sourceTree = "<group>"; };
		C3E170C32716035500FDA629 /* DetailViewModel.swift */ = {isa = PBXFileReference; lastKnownFileType = sourcecode.swift; path = DetailViewModel.swift; sourceTree = "<group>"; };
		C3E170C9271603E300FDA629 /* SplashVC.swift */ = {isa = PBXFileReference; lastKnownFileType = sourcecode.swift; path = SplashVC.swift; sourceTree = "<group>"; };
		C3E170CA271603E300FDA629 /* SplashVC.xib */ = {isa = PBXFileReference; lastKnownFileType = file.xib; path = SplashVC.xib; sourceTree = "<group>"; };
		C3E170CD2716051D00FDA629 /* SeriesResponse.swift */ = {isa = PBXFileReference; lastKnownFileType = sourcecode.swift; path = SeriesResponse.swift; sourceTree = "<group>"; };
/* End PBXFileReference section */

/* Begin PBXFrameworksBuildPhase section */
		C3E170802716016000FDA629 /* Frameworks */ = {
			isa = PBXFrameworksBuildPhase;
			buildActionMask = 2147483647;
			files = (
				C9FE4F6E2CA07226EAB165FA /* Pods_SeriesProject.framework in Frameworks */,
			);
			runOnlyForDeploymentPostprocessing = 0;
		};
		C3E170962716016300FDA629 /* Frameworks */ = {
			isa = PBXFrameworksBuildPhase;
			buildActionMask = 2147483647;
			files = (
				DDFC175756210F948345BBC3 /* Pods_SeriesProjectTests.framework in Frameworks */,
			);
			runOnlyForDeploymentPostprocessing = 0;
		};
		C3E170A12716016300FDA629 /* Frameworks */ = {
			isa = PBXFrameworksBuildPhase;
			buildActionMask = 2147483647;
			files = (
				C5F17C5F00460C3F583A0B31 /* Pods_SeriesProject_SeriesProjectUITests.framework in Frameworks */,
			);
			runOnlyForDeploymentPostprocessing = 0;
		};
/* End PBXFrameworksBuildPhase section */

/* Begin PBXGroup section */
		026097815121F4E54600BBB1 /* Frameworks */ = {
			isa = PBXGroup;
			children = (
				A7E82DD6AE72DF3698C7499C /* Pods_SeriesProject.framework */,
				1C44F5D387376CD7CCEDCEE6 /* Pods_SeriesProject_SeriesProjectUITests.framework */,
				7AE76BA573FB0F7C9F38206C /* Pods_SeriesProjectTests.framework */,
			);
			name = Frameworks;
			sourceTree = "<group>";
		};
		22CAE5D532E72DAA9384ADF7 /* Pods */ = {
			isa = PBXGroup;
			children = (
				A27581AD88E462173D24B3EA /* Pods-SeriesProject.debug.xcconfig */,
				7277A6824AC547F692962206 /* Pods-SeriesProject.release.xcconfig */,
				AE0E1B33D633A100629B7652 /* Pods-SeriesProject-SeriesProjectUITests.debug.xcconfig */,
				7E002840119966AE31FBAAF6 /* Pods-SeriesProject-SeriesProjectUITests.release.xcconfig */,
				580980A3B5B841ADE75F8386 /* Pods-SeriesProjectTests.debug.xcconfig */,
				64EFCFC2A2994D99593FE44E /* Pods-SeriesProjectTests.release.xcconfig */,
			);
			path = Pods;
			sourceTree = "<group>";
		};
		C3E1707A2716016000FDA629 = {
			isa = PBXGroup;
			children = (
				C3E170852716016000FDA629 /* SeriesProject */,
				C3E1709C2716016300FDA629 /* SeriesProjectTests */,
				C3E170A72716016300FDA629 /* SeriesProjectUITests */,
				C3E170842716016000FDA629 /* Products */,
				22CAE5D532E72DAA9384ADF7 /* Pods */,
				026097815121F4E54600BBB1 /* Frameworks */,
			);
			sourceTree = "<group>";
		};
		C3E170842716016000FDA629 /* Products */ = {
			isa = PBXGroup;
			children = (
				C3E170832716016000FDA629 /* SeriesProject.app */,
				C3E170992716016300FDA629 /* SeriesProjectTests.xctest */,
				C3E170A42716016300FDA629 /* SeriesProjectUITests.xctest */,
			);
			name = Products;
			sourceTree = "<group>";
		};
		C3E170852716016000FDA629 /* SeriesProject */ = {
			isa = PBXGroup;
			children = (
				C3E170B9271602E900FDA629 /* AppDelegate */,
				C3E170B8271602E300FDA629 /* Application */,
				C3E170BC2716032500FDA629 /* Networking */,
				C3E170C52716037A00FDA629 /* Models */,
				C3E1708F2716016200FDA629 /* Assets.xcassets */,
				C3E170912716016200FDA629 /* LaunchScreen.storyboard */,
				C3E170942716016200FDA629 /* Info.plist */,
			);
			path = SeriesProject;
			sourceTree = "<group>";
		};
		C3E1709C2716016300FDA629 /* SeriesProjectTests */ = {
			isa = PBXGroup;
			children = (
				C3E1709D2716016300FDA629 /* SeriesProjectTests.swift */,
				C3E1709F2716016300FDA629 /* Info.plist */,
			);
			path = SeriesProjectTests;
			sourceTree = "<group>";
		};
		C3E170A72716016300FDA629 /* SeriesProjectUITests */ = {
			isa = PBXGroup;
			children = (
				C3E170A82716016300FDA629 /* SeriesProjectUITests.swift */,
				C3E170AA2716016300FDA629 /* Info.plist */,
			);
			path = SeriesProjectUITests;
			sourceTree = "<group>";
		};
		C3E170B8271602E300FDA629 /* Application */ = {
			isa = PBXGroup;
			children = (
				C3E170C8271603C700FDA629 /* Splash */,
				C3E170BA2716031B00FDA629 /* Home */,
				C3E170BB2716031F00FDA629 /* Detail */,
			);
			path = Application;
			sourceTree = "<group>";
		};
		C3E170B9271602E900FDA629 /* AppDelegate */ = {
			isa = PBXGroup;
			children = (
				C3E170862716016000FDA629 /* AppDelegate.swift */,
			);
			path = AppDelegate;
			sourceTree = "<group>";
		};
		C3E170BA2716031B00FDA629 /* Home */ = {
			isa = PBXGroup;
			children = (
				C3E1708A2716016000FDA629 /* HomeVC.swift */,
				C3E170B62716029700FDA629 /* HomeVC.xib */,
				C3E170BD2716033E00FDA629 /* HomeViewModel.swift */,
			);
			path = Home;
			sourceTree = "<group>";
		};
		C3E170BB2716031F00FDA629 /* Detail */ = {
			isa = PBXGroup;
			children = (
				C3E170BF2716034A00FDA629 /* DetailVC.swift */,
				C3E170C02716034A00FDA629 /* DetailVC.xib */,
				C3E170C32716035500FDA629 /* DetailViewModel.swift */,
			);
			path = Detail;
			sourceTree = "<group>";
		};
		C3E170BC2716032500FDA629 /* Networking */ = {
			isa = PBXGroup;
			children = (
				C3E170C62716038A00FDA629 /* APIs */,
			);
			path = Networking;
			sourceTree = "<group>";
		};
		C3E170C52716037A00FDA629 /* Models */ = {
			isa = PBXGroup;
			children = (
				C3E170CD2716051D00FDA629 /* SeriesResponse.swift */,
			);
			path = Models;
			sourceTree = "<group>";
		};
		C3E170C62716038A00FDA629 /* APIs */ = {
			isa = PBXGroup;
			children = (
				C3E170C7271603A100FDA629 /* BaseAPI */,
			);
			path = APIs;
			sourceTree = "<group>";
		};
		C3E170C7271603A100FDA629 /* BaseAPI */ = {
			isa = PBXGroup;
			children = (
			);
			path = BaseAPI;
			sourceTree = "<group>";
		};
		C3E170C8271603C700FDA629 /* Splash */ = {
			isa = PBXGroup;
			children = (
				C3E170C9271603E300FDA629 /* SplashVC.swift */,
				C3E170CA271603E300FDA629 /* SplashVC.xib */,
			);
			path = Splash;
			sourceTree = "<group>";
		};
/* End PBXGroup section */

/* Begin PBXNativeTarget section */
		C3E170822716016000FDA629 /* SeriesProject */ = {
			isa = PBXNativeTarget;
			buildConfigurationList = C3E170AD2716016300FDA629 /* Build configuration list for PBXNativeTarget "SeriesProject" */;
			buildPhases = (
				122579B4DA81C5F2BBDEC1E1 /* [CP] Check Pods Manifest.lock */,
				C3E1707F2716016000FDA629 /* Sources */,
				C3E170802716016000FDA629 /* Frameworks */,
				C3E170812716016000FDA629 /* Resources */,
				8F1501DA48C8408B8A8AAEA9 /* [CP] Embed Pods Frameworks */,
			);
			buildRules = (
			);
			dependencies = (
			);
			name = SeriesProject;
			productName = SeriesProject;
			productReference = C3E170832716016000FDA629 /* SeriesProject.app */;
			productType = "com.apple.product-type.application";
		};
		C3E170982716016300FDA629 /* SeriesProjectTests */ = {
			isa = PBXNativeTarget;
			buildConfigurationList = C3E170B02716016300FDA629 /* Build configuration list for PBXNativeTarget "SeriesProjectTests" */;
			buildPhases = (
				8E6EFF70A00FA7BDD2C364A0 /* [CP] Check Pods Manifest.lock */,
				C3E170952716016300FDA629 /* Sources */,
				C3E170962716016300FDA629 /* Frameworks */,
				C3E170972716016300FDA629 /* Resources */,
			);
			buildRules = (
			);
			dependencies = (
				C3E1709B2716016300FDA629 /* PBXTargetDependency */,
			);
			name = SeriesProjectTests;
			productName = SeriesProjectTests;
			productReference = C3E170992716016300FDA629 /* SeriesProjectTests.xctest */;
			productType = "com.apple.product-type.bundle.unit-test";
		};
		C3E170A32716016300FDA629 /* SeriesProjectUITests */ = {
			isa = PBXNativeTarget;
			buildConfigurationList = C3E170B32716016300FDA629 /* Build configuration list for PBXNativeTarget "SeriesProjectUITests" */;
			buildPhases = (
				9207FF2393DCDCFC3144B9D5 /* [CP] Check Pods Manifest.lock */,
				C3E170A02716016300FDA629 /* Sources */,
				C3E170A12716016300FDA629 /* Frameworks */,
				C3E170A22716016300FDA629 /* Resources */,
				F850B29E58B87A92B2951BCF /* [CP] Embed Pods Frameworks */,
			);
			buildRules = (
			);
			dependencies = (
				C3E170A62716016300FDA629 /* PBXTargetDependency */,
			);
			name = SeriesProjectUITests;
			productName = SeriesProjectUITests;
			productReference = C3E170A42716016300FDA629 /* SeriesProjectUITests.xctest */;
			productType = "com.apple.product-type.bundle.ui-testing";
		};
/* End PBXNativeTarget section */

/* Begin PBXProject section */
		C3E1707B2716016000FDA629 /* Project object */ = {
			isa = PBXProject;
			attributes = {
				LastSwiftUpdateCheck = 1250;
				LastUpgradeCheck = 1250;
				TargetAttributes = {
					C3E170822716016000FDA629 = {
						CreatedOnToolsVersion = 12.5;
					};
					C3E170982716016300FDA629 = {
						CreatedOnToolsVersion = 12.5;
						TestTargetID = C3E170822716016000FDA629;
					};
					C3E170A32716016300FDA629 = {
						CreatedOnToolsVersion = 12.5;
						TestTargetID = C3E170822716016000FDA629;
					};
				};
			};
			buildConfigurationList = C3E1707E2716016000FDA629 /* Build configuration list for PBXProject "SeriesProject" */;
			compatibilityVersion = "Xcode 9.3";
			developmentRegion = en;
			hasScannedForEncodings = 0;
			knownRegions = (
				en,
				Base,
			);
			mainGroup = C3E1707A2716016000FDA629;
			productRefGroup = C3E170842716016000FDA629 /* Products */;
			projectDirPath = "";
			projectRoot = "";
			targets = (
				C3E170822716016000FDA629 /* SeriesProject */,
				C3E170982716016300FDA629 /* SeriesProjectTests */,
				C3E170A32716016300FDA629 /* SeriesProjectUITests */,
			);
		};
/* End PBXProject section */

/* Begin PBXResourcesBuildPhase section */
		C3E170812716016000FDA629 /* Resources */ = {
			isa = PBXResourcesBuildPhase;
			buildActionMask = 2147483647;
			files = (
				C3E170932716016200FDA629 /* LaunchScreen.storyboard in Resources */,
				C3E170C22716034A00FDA629 /* DetailVC.xib in Resources */,
				C3E170CC271603E300FDA629 /* SplashVC.xib in Resources */,
				C3E170B72716029700FDA629 /* HomeVC.xib in Resources */,
				C3E170902716016200FDA629 /* Assets.xcassets in Resources */,
			);
			runOnlyForDeploymentPostprocessing = 0;
		};
		C3E170972716016300FDA629 /* Resources */ = {
			isa = PBXResourcesBuildPhase;
			buildActionMask = 2147483647;
			files = (
			);
			runOnlyForDeploymentPostprocessing = 0;
		};
		C3E170A22716016300FDA629 /* Resources */ = {
			isa = PBXResourcesBuildPhase;
			buildActionMask = 2147483647;
			files = (
			);
			runOnlyForDeploymentPostprocessing = 0;
		};
/* End PBXResourcesBuildPhase section */

/* Begin PBXShellScriptBuildPhase section */
		122579B4DA81C5F2BBDEC1E1 /* [CP] Check Pods Manifest.lock */ = {
			isa = PBXShellScriptBuildPhase;
			buildActionMask = 2147483647;
			files = (
			);
			inputFileListPaths = (
			);
			inputPaths = (
				"${PODS_PODFILE_DIR_PATH}/Podfile.lock",
				"${PODS_ROOT}/Manifest.lock",
			);
			name = "[CP] Check Pods Manifest.lock";
			outputFileListPaths = (
			);
			outputPaths = (
				"$(DERIVED_FILE_DIR)/Pods-SeriesProject-checkManifestLockResult.txt",
			);
			runOnlyForDeploymentPostprocessing = 0;
			shellPath = /bin/sh;
			shellScript = "diff \"${PODS_PODFILE_DIR_PATH}/Podfile.lock\" \"${PODS_ROOT}/Manifest.lock\" > /dev/null\nif [ $? != 0 ] ; then\n    # print error to STDERR\n    echo \"error: The sandbox is not in sync with the Podfile.lock. Run 'pod install' or update your CocoaPods installation.\" >&2\n    exit 1\nfi\n# This output is used by Xcode 'outputs' to avoid re-running this script phase.\necho \"SUCCESS\" > \"${SCRIPT_OUTPUT_FILE_0}\"\n";
			showEnvVarsInLog = 0;
		};
		8E6EFF70A00FA7BDD2C364A0 /* [CP] Check Pods Manifest.lock */ = {
			isa = PBXShellScriptBuildPhase;
			buildActionMask = 2147483647;
			files = (
			);
			inputFileListPaths = (
			);
			inputPaths = (
				"${PODS_PODFILE_DIR_PATH}/Podfile.lock",
				"${PODS_ROOT}/Manifest.lock",
			);
			name = "[CP] Check Pods Manifest.lock";
			outputFileListPaths = (
			);
			outputPaths = (
				"$(DERIVED_FILE_DIR)/Pods-SeriesProjectTests-checkManifestLockResult.txt",
			);
			runOnlyForDeploymentPostprocessing = 0;
			shellPath = /bin/sh;
			shellScript = "diff \"${PODS_PODFILE_DIR_PATH}/Podfile.lock\" \"${PODS_ROOT}/Manifest.lock\" > /dev/null\nif [ $? != 0 ] ; then\n    # print error to STDERR\n    echo \"error: The sandbox is not in sync with the Podfile.lock. Run 'pod install' or update your CocoaPods installation.\" >&2\n    exit 1\nfi\n# This output is used by Xcode 'outputs' to avoid re-running this script phase.\necho \"SUCCESS\" > \"${SCRIPT_OUTPUT_FILE_0}\"\n";
			showEnvVarsInLog = 0;
		};
		8F1501DA48C8408B8A8AAEA9 /* [CP] Embed Pods Frameworks */ = {
			isa = PBXShellScriptBuildPhase;
			buildActionMask = 2147483647;
			files = (
			);
			inputFileListPaths = (
				"${PODS_ROOT}/Target Support Files/Pods-SeriesProject/Pods-SeriesProject-frameworks-${CONFIGURATION}-input-files.xcfilelist",
			);
			name = "[CP] Embed Pods Frameworks";
			outputFileListPaths = (
				"${PODS_ROOT}/Target Support Files/Pods-SeriesProject/Pods-SeriesProject-frameworks-${CONFIGURATION}-output-files.xcfilelist",
			);
			runOnlyForDeploymentPostprocessing = 0;
			shellPath = /bin/sh;
			shellScript = "\"${PODS_ROOT}/Target Support Files/Pods-SeriesProject/Pods-SeriesProject-frameworks.sh\"\n";
			showEnvVarsInLog = 0;
		};
		9207FF2393DCDCFC3144B9D5 /* [CP] Check Pods Manifest.lock */ = {
			isa = PBXShellScriptBuildPhase;
			buildActionMask = 2147483647;
			files = (
			);
			inputFileListPaths = (
			);
			inputPaths = (
				"${PODS_PODFILE_DIR_PATH}/Podfile.lock",
				"${PODS_ROOT}/Manifest.lock",
			);
			name = "[CP] Check Pods Manifest.lock";
			outputFileListPaths = (
			);
			outputPaths = (
				"$(DERIVED_FILE_DIR)/Pods-SeriesProject-SeriesProjectUITests-checkManifestLockResult.txt",
			);
			runOnlyForDeploymentPostprocessing = 0;
			shellPath = /bin/sh;
			shellScript = "diff \"${PODS_PODFILE_DIR_PATH}/Podfile.lock\" \"${PODS_ROOT}/Manifest.lock\" > /dev/null\nif [ $? != 0 ] ; then\n    # print error to STDERR\n    echo \"error: The sandbox is not in sync with the Podfile.lock. Run 'pod install' or update your CocoaPods installation.\" >&2\n    exit 1\nfi\n# This output is used by Xcode 'outputs' to avoid re-running this script phase.\necho \"SUCCESS\" > \"${SCRIPT_OUTPUT_FILE_0}\"\n";
			showEnvVarsInLog = 0;
		};
		F850B29E58B87A92B2951BCF /* [CP] Embed Pods Frameworks */ = {
			isa = PBXShellScriptBuildPhase;
			buildActionMask = 2147483647;
			files = (
			);
			inputFileListPaths = (
				"${PODS_ROOT}/Target Support Files/Pods-SeriesProject-SeriesProjectUITests/Pods-SeriesProject-SeriesProjectUITests-frameworks-${CONFIGURATION}-input-files.xcfilelist",
			);
			name = "[CP] Embed Pods Frameworks";
			outputFileListPaths = (
				"${PODS_ROOT}/Target Support Files/Pods-SeriesProject-SeriesProjectUITests/Pods-SeriesProject-SeriesProjectUITests-frameworks-${CONFIGURATION}-output-files.xcfilelist",
			);
			runOnlyForDeploymentPostprocessing = 0;
			shellPath = /bin/sh;
			shellScript = "\"${PODS_ROOT}/Target Support Files/Pods-SeriesProject-SeriesProjectUITests/Pods-SeriesProject-SeriesProjectUITests-frameworks.sh\"\n";
			showEnvVarsInLog = 0;
		};
/* End PBXShellScriptBuildPhase section */

/* Begin PBXSourcesBuildPhase section */
		C3E1707F2716016000FDA629 /* Sources */ = {
			isa = PBXSourcesBuildPhase;
			buildActionMask = 2147483647;
			files = (
				C3E1708B2716016000FDA629 /* HomeVC.swift in Sources */,
				C3E170C12716034A00FDA629 /* DetailVC.swift in Sources */,
				C3E170BE2716033E00FDA629 /* HomeViewModel.swift in Sources */,
				C3E170C42716035500FDA629 /* DetailViewModel.swift in Sources */,
				C3E170872716016000FDA629 /* AppDelegate.swift in Sources */,
				C3E170CB271603E300FDA629 /* SplashVC.swift in Sources */,
				C3E170CE2716051D00FDA629 /* SeriesResponse.swift in Sources */,
			);
			runOnlyForDeploymentPostprocessing = 0;
		};
		C3E170952716016300FDA629 /* Sources */ = {
			isa = PBXSourcesBuildPhase;
			buildActionMask = 2147483647;
			files = (
				C3E1709E2716016300FDA629 /* SeriesProjectTests.swift in Sources */,
			);
			runOnlyForDeploymentPostprocessing = 0;
		};
		C3E170A02716016300FDA629 /* Sources */ = {
			isa = PBXSourcesBuildPhase;
			buildActionMask = 2147483647;
			files = (
				C3E170A92716016300FDA629 /* SeriesProjectUITests.swift in Sources */,
			);
			runOnlyForDeploymentPostprocessing = 0;
		};
/* End PBXSourcesBuildPhase section */

/* Begin PBXTargetDependency section */
		C3E1709B2716016300FDA629 /* PBXTargetDependency */ = {
			isa = PBXTargetDependency;
			target = C3E170822716016000FDA629 /* SeriesProject */;
			targetProxy = C3E1709A2716016300FDA629 /* PBXContainerItemProxy */;
		};
		C3E170A62716016300FDA629 /* PBXTargetDependency */ = {
			isa = PBXTargetDependency;
			target = C3E170822716016000FDA629 /* SeriesProject */;
			targetProxy = C3E170A52716016300FDA629 /* PBXContainerItemProxy */;
		};
/* End PBXTargetDependency section */

/* Begin PBXVariantGroup section */
		C3E170912716016200FDA629 /* LaunchScreen.storyboard */ = {
			isa = PBXVariantGroup;
			children = (
				C3E170922716016200FDA629 /* Base */,
			);
			name = LaunchScreen.storyboard;
			sourceTree = "<group>";
		};
/* End PBXVariantGroup section */

/* Begin XCBuildConfiguration section */
		C3E170AB2716016300FDA629 /* Debug */ = {
			isa = XCBuildConfiguration;
			buildSettings = {
				ALWAYS_SEARCH_USER_PATHS = NO;
				CLANG_ANALYZER_NONNULL = YES;
				CLANG_ANALYZER_NUMBER_OBJECT_CONVERSION = YES_AGGRESSIVE;
				CLANG_CXX_LANGUAGE_STANDARD = "gnu++14";
				CLANG_CXX_LIBRARY = "libc++";
				CLANG_ENABLE_MODULES = YES;
				CLANG_ENABLE_OBJC_ARC = YES;
				CLANG_ENABLE_OBJC_WEAK = YES;
				CLANG_WARN_BLOCK_CAPTURE_AUTORELEASING = YES;
				CLANG_WARN_BOOL_CONVERSION = YES;
				CLANG_WARN_COMMA = YES;
				CLANG_WARN_CONSTANT_CONVERSION = YES;
				CLANG_WARN_DEPRECATED_OBJC_IMPLEMENTATIONS = YES;
				CLANG_WARN_DIRECT_OBJC_ISA_USAGE = YES_ERROR;
				CLANG_WARN_DOCUMENTATION_COMMENTS = YES;
				CLANG_WARN_EMPTY_BODY = YES;
				CLANG_WARN_ENUM_CONVERSION = YES;
				CLANG_WARN_INFINITE_RECURSION = YES;
				CLANG_WARN_INT_CONVERSION = YES;
				CLANG_WARN_NON_LITERAL_NULL_CONVERSION = YES;
				CLANG_WARN_OBJC_IMPLICIT_RETAIN_SELF = YES;
				CLANG_WARN_OBJC_LITERAL_CONVERSION = YES;
				CLANG_WARN_OBJC_ROOT_CLASS = YES_ERROR;
				CLANG_WARN_QUOTED_INCLUDE_IN_FRAMEWORK_HEADER = YES;
				CLANG_WARN_RANGE_LOOP_ANALYSIS = YES;
				CLANG_WARN_STRICT_PROTOTYPES = YES;
				CLANG_WARN_SUSPICIOUS_MOVE = YES;
				CLANG_WARN_UNGUARDED_AVAILABILITY = YES_AGGRESSIVE;
				CLANG_WARN_UNREACHABLE_CODE = YES;
				CLANG_WARN__DUPLICATE_METHOD_MATCH = YES;
				COPY_PHASE_STRIP = NO;
				DEBUG_INFORMATION_FORMAT = dwarf;
				ENABLE_STRICT_OBJC_MSGSEND = YES;
				ENABLE_TESTABILITY = YES;
				GCC_C_LANGUAGE_STANDARD = gnu11;
				GCC_DYNAMIC_NO_PIC = NO;
				GCC_NO_COMMON_BLOCKS = YES;
				GCC_OPTIMIZATION_LEVEL = 0;
				GCC_PREPROCESSOR_DEFINITIONS = (
					"DEBUG=1",
					"$(inherited)",
				);
				GCC_WARN_64_TO_32_BIT_CONVERSION = YES;
				GCC_WARN_ABOUT_RETURN_TYPE = YES_ERROR;
				GCC_WARN_UNDECLARED_SELECTOR = YES;
				GCC_WARN_UNINITIALIZED_AUTOS = YES_AGGRESSIVE;
				GCC_WARN_UNUSED_FUNCTION = YES;
				GCC_WARN_UNUSED_VARIABLE = YES;
				IPHONEOS_DEPLOYMENT_TARGET = 14.5;
				MTL_ENABLE_DEBUG_INFO = INCLUDE_SOURCE;
				MTL_FAST_MATH = YES;
				ONLY_ACTIVE_ARCH = YES;
				SDKROOT = iphoneos;
				SWIFT_ACTIVE_COMPILATION_CONDITIONS = DEBUG;
				SWIFT_OPTIMIZATION_LEVEL = "-Onone";
			};
			name = Debug;
		};
		C3E170AC2716016300FDA629 /* Release */ = {
			isa = XCBuildConfiguration;
			buildSettings = {
				ALWAYS_SEARCH_USER_PATHS = NO;
				CLANG_ANALYZER_NONNULL = YES;
				CLANG_ANALYZER_NUMBER_OBJECT_CONVERSION = YES_AGGRESSIVE;
				CLANG_CXX_LANGUAGE_STANDARD = "gnu++14";
				CLANG_CXX_LIBRARY = "libc++";
				CLANG_ENABLE_MODULES = YES;
				CLANG_ENABLE_OBJC_ARC = YES;
				CLANG_ENABLE_OBJC_WEAK = YES;
				CLANG_WARN_BLOCK_CAPTURE_AUTORELEASING = YES;
				CLANG_WARN_BOOL_CONVERSION = YES;
				CLANG_WARN_COMMA = YES;
				CLANG_WARN_CONSTANT_CONVERSION = YES;
				CLANG_WARN_DEPRECATED_OBJC_IMPLEMENTATIONS = YES;
				CLANG_WARN_DIRECT_OBJC_ISA_USAGE = YES_ERROR;
				CLANG_WARN_DOCUMENTATION_COMMENTS = YES;
				CLANG_WARN_EMPTY_BODY = YES;
				CLANG_WARN_ENUM_CONVERSION = YES;
				CLANG_WARN_INFINITE_RECURSION = YES;
				CLANG_WARN_INT_CONVERSION = YES;
				CLANG_WARN_NON_LITERAL_NULL_CONVERSION = YES;
				CLANG_WARN_OBJC_IMPLICIT_RETAIN_SELF = YES;
				CLANG_WARN_OBJC_LITERAL_CONVERSION = YES;
				CLANG_WARN_OBJC_ROOT_CLASS = YES_ERROR;
				CLANG_WARN_QUOTED_INCLUDE_IN_FRAMEWORK_HEADER = YES;
				CLANG_WARN_RANGE_LOOP_ANALYSIS = YES;
				CLANG_WARN_STRICT_PROTOTYPES = YES;
				CLANG_WARN_SUSPICIOUS_MOVE = YES;
				CLANG_WARN_UNGUARDED_AVAILABILITY = YES_AGGRESSIVE;
				CLANG_WARN_UNREACHABLE_CODE = YES;
				CLANG_WARN__DUPLICATE_METHOD_MATCH = YES;
				COPY_PHASE_STRIP = NO;
				DEBUG_INFORMATION_FORMAT = "dwarf-with-dsym";
				ENABLE_NS_ASSERTIONS = NO;
				ENABLE_STRICT_OBJC_MSGSEND = YES;
				GCC_C_LANGUAGE_STANDARD = gnu11;
				GCC_NO_COMMON_BLOCKS = YES;
				GCC_WARN_64_TO_32_BIT_CONVERSION = YES;
				GCC_WARN_ABOUT_RETURN_TYPE = YES_ERROR;
				GCC_WARN_UNDECLARED_SELECTOR = YES;
				GCC_WARN_UNINITIALIZED_AUTOS = YES_AGGRESSIVE;
				GCC_WARN_UNUSED_FUNCTION = YES;
				GCC_WARN_UNUSED_VARIABLE = YES;
				IPHONEOS_DEPLOYMENT_TARGET = 14.5;
				MTL_ENABLE_DEBUG_INFO = NO;
				MTL_FAST_MATH = YES;
				SDKROOT = iphoneos;
				SWIFT_COMPILATION_MODE = wholemodule;
				SWIFT_OPTIMIZATION_LEVEL = "-O";
				VALIDATE_PRODUCT = YES;
			};
			name = Release;
		};
		C3E170AE2716016300FDA629 /* Debug */ = {
			isa = XCBuildConfiguration;
			baseConfigurationReference = A27581AD88E462173D24B3EA /* Pods-SeriesProject.debug.xcconfig */;
			buildSettings = {
				ASSETCATALOG_COMPILER_APPICON_NAME = AppIcon;
				ASSETCATALOG_COMPILER_GLOBAL_ACCENT_COLOR_NAME = AccentColor;
				CODE_SIGN_STYLE = Automatic;
				DEVELOPMENT_TEAM = 4G6D6GCMJC;
				INFOPLIST_FILE = SeriesProject/Info.plist;
				IPHONEOS_DEPLOYMENT_TARGET = 12.1;
				LD_RUNPATH_SEARCH_PATHS = (
					"$(inherited)",
					"@executable_path/Frameworks",
				);
				PRODUCT_BUNDLE_IDENTIFIER = com.daghankilicay.SeriesProject;
				PRODUCT_NAME = "$(TARGET_NAME)";
				SWIFT_VERSION = 5.0;
				TARGETED_DEVICE_FAMILY = 1;
			};
			name = Debug;
		};
		C3E170AF2716016300FDA629 /* Release */ = {
			isa = XCBuildConfiguration;
			baseConfigurationReference = 7277A6824AC547F692962206 /* Pods-SeriesProject.release.xcconfig */;
			buildSettings = {
				ASSETCATALOG_COMPILER_APPICON_NAME = AppIcon;
				ASSETCATALOG_COMPILER_GLOBAL_ACCENT_COLOR_NAME = AccentColor;
				CODE_SIGN_STYLE = Automatic;
				DEVELOPMENT_TEAM = 4G6D6GCMJC;
				INFOPLIST_FILE = SeriesProject/Info.plist;
				IPHONEOS_DEPLOYMENT_TARGET = 12.1;
				LD_RUNPATH_SEARCH_PATHS = (
					"$(inherited)",
					"@executable_path/Frameworks",
				);
				PRODUCT_BUNDLE_IDENTIFIER = com.daghankilicay.SeriesProject;
				PRODUCT_NAME = "$(TARGET_NAME)";
				SWIFT_VERSION = 5.0;
				TARGETED_DEVICE_FAMILY = 1;
			};
			name = Release;
		};
		C3E170B12716016300FDA629 /* Debug */ = {
			isa = XCBuildConfiguration;
			baseConfigurationReference = 580980A3B5B841ADE75F8386 /* Pods-SeriesProjectTests.debug.xcconfig */;
			buildSettings = {
				ALWAYS_EMBED_SWIFT_STANDARD_LIBRARIES = YES;
				BUNDLE_LOADER = "$(TEST_HOST)";
				CODE_SIGN_STYLE = Automatic;
				DEVELOPMENT_TEAM = 4G6D6GCMJC;
				INFOPLIST_FILE = SeriesProjectTests/Info.plist;
				IPHONEOS_DEPLOYMENT_TARGET = 14.5;
				LD_RUNPATH_SEARCH_PATHS = (
					"$(inherited)",
					"@executable_path/Frameworks",
					"@loader_path/Frameworks",
				);
				PRODUCT_BUNDLE_IDENTIFIER = com.daghankilicay.SeriesProjectTests;
				PRODUCT_NAME = "$(TARGET_NAME)";
				SWIFT_VERSION = 5.0;
				TARGETED_DEVICE_FAMILY = "1,2";
				TEST_HOST = "$(BUILT_PRODUCTS_DIR)/SeriesProject.app/SeriesProject";
			};
			name = Debug;
		};
		C3E170B22716016300FDA629 /* Release */ = {
			isa = XCBuildConfiguration;
			baseConfigurationReference = 64EFCFC2A2994D99593FE44E /* Pods-SeriesProjectTests.release.xcconfig */;
			buildSettings = {
				ALWAYS_EMBED_SWIFT_STANDARD_LIBRARIES = YES;
				BUNDLE_LOADER = "$(TEST_HOST)";
				CODE_SIGN_STYLE = Automatic;
				DEVELOPMENT_TEAM = 4G6D6GCMJC;
				INFOPLIST_FILE = SeriesProjectTests/Info.plist;
				IPHONEOS_DEPLOYMENT_TARGET = 14.5;
				LD_RUNPATH_SEARCH_PATHS = (
					"$(inherited)",
					"@executable_path/Frameworks",
					"@loader_path/Frameworks",
				);
				PRODUCT_BUNDLE_IDENTIFIER = com.daghankilicay.SeriesProjectTests;
				PRODUCT_NAME = "$(TARGET_NAME)";
				SWIFT_VERSION = 5.0;
				TARGETED_DEVICE_FAMILY = "1,2";
				TEST_HOST = "$(BUILT_PRODUCTS_DIR)/SeriesProject.app/SeriesProject";
			};
			name = Release;
		};
		C3E170B42716016300FDA629 /* Debug */ = {
			isa = XCBuildConfiguration;
			baseConfigurationReference = AE0E1B33D633A100629B7652 /* Pods-SeriesProject-SeriesProjectUITests.debug.xcconfig */;
			buildSettings = {
				ALWAYS_EMBED_SWIFT_STANDARD_LIBRARIES = YES;
				CODE_SIGN_STYLE = Automatic;
				DEVELOPMENT_TEAM = 4G6D6GCMJC;
				INFOPLIST_FILE = SeriesProjectUITests/Info.plist;
				LD_RUNPATH_SEARCH_PATHS = (
					"$(inherited)",
					"@executable_path/Frameworks",
					"@loader_path/Frameworks",
				);
				PRODUCT_BUNDLE_IDENTIFIER = com.daghankilicay.SeriesProjectUITests;
				PRODUCT_NAME = "$(TARGET_NAME)";
				SWIFT_VERSION = 5.0;
				TARGETED_DEVICE_FAMILY = "1,2";
				TEST_TARGET_NAME = SeriesProject;
			};
			name = Debug;
		};
		C3E170B52716016300FDA629 /* Release */ = {
			isa = XCBuildConfiguration;
			baseConfigurationReference = 7E002840119966AE31FBAAF6 /* Pods-SeriesProject-SeriesProjectUITests.release.xcconfig */;
			buildSettings = {
				ALWAYS_EMBED_SWIFT_STANDARD_LIBRARIES = YES;
				CODE_SIGN_STYLE = Automatic;
				DEVELOPMENT_TEAM = 4G6D6GCMJC;
				INFOPLIST_FILE = SeriesProjectUITests/Info.plist;
				LD_RUNPATH_SEARCH_PATHS = (
					"$(inherited)",
					"@executable_path/Frameworks",
					"@loader_path/Frameworks",
				);
				PRODUCT_BUNDLE_IDENTIFIER = com.daghankilicay.SeriesProjectUITests;
				PRODUCT_NAME = "$(TARGET_NAME)";
				SWIFT_VERSION = 5.0;
				TARGETED_DEVICE_FAMILY = "1,2";
				TEST_TARGET_NAME = SeriesProject;
			};
			name = Release;
		};
/* End XCBuildConfiguration section */

/* Begin XCConfigurationList section */
		C3E1707E2716016000FDA629 /* Build configuration list for PBXProject "SeriesProject" */ = {
			isa = XCConfigurationList;
			buildConfigurations = (
				C3E170AB2716016300FDA629 /* Debug */,
				C3E170AC2716016300FDA629 /* Release */,
			);
			defaultConfigurationIsVisible = 0;
			defaultConfigurationName = Release;
		};
		C3E170AD2716016300FDA629 /* Build configuration list for PBXNativeTarget "SeriesProject" */ = {
			isa = XCConfigurationList;
			buildConfigurations = (
				C3E170AE2716016300FDA629 /* Debug */,
				C3E170AF2716016300FDA629 /* Release */,
			);
			defaultConfigurationIsVisible = 0;
			defaultConfigurationName = Release;
		};
		C3E170B02716016300FDA629 /* Build configuration list for PBXNativeTarget "SeriesProjectTests" */ = {
			isa = XCConfigurationList;
			buildConfigurations = (
				C3E170B12716016300FDA629 /* Debug */,
				C3E170B22716016300FDA629 /* Release */,
			);
			defaultConfigurationIsVisible = 0;
			defaultConfigurationName = Release;
		};
		C3E170B32716016300FDA629 /* Build configuration list for PBXNativeTarget "SeriesProjectUITests" */ = {
			isa = XCConfigurationList;
			buildConfigurations = (
				C3E170B42716016300FDA629 /* Debug */,
				C3E170B52716016300FDA629 /* Release */,
			);
			defaultConfigurationIsVisible = 0;
			defaultConfigurationName = Release;
		};
/* End XCConfigurationList section */
	};
	rootObject = C3E1707B2716016000FDA629 /* Project object */;
}
